
Microsoft Visual Studio Solution File, Format Version 12.00
# Visual Studio 15
VisualStudioVersion = 15.0.26124.0
MinimumVisualStudioVersion = 15.0.26124.0
Project("{FAE04EC0-301F-11D3-BF4B-00C04F79EFBC}") = "Xenko.ImGui", "Xenko.ImGui\Xenko.ImGui.csproj", "{772035AD-E4F3-4C58-AC7F-57DD6DFF994E}"
EndProject
Project("{2150E333-8FDC-42A3-9474-1A3956D46DE8}") = "Samples", "Samples", "{2991BA94-6008-4DA5-BA9F-72AF0DBB21BE}"
EndProject
Project("{FAE04EC0-301F-11D3-BF4B-00C04F79EFBC}") = "ImGuiTool", "Samples\ImGuiTool\ImGuiTool.csproj", "{9ABB64C4-FAD0-468F-87CB-CB22D27982D8}"
EndProject
Global
	GlobalSection(SolutionConfigurationPlatforms) = preSolution
		Debug|Any CPU = Debug|Any CPU
		Debug|x64 = Debug|x64
		Debug|x86 = Debug|x86
		Release|Any CPU = Release|Any CPU
		Release|x64 = Release|x64
		Release|x86 = Release|x86
	EndGlobalSection
	GlobalSection(SolutionProperties) = preSolution
		HideSolutionNode = FALSE
	EndGlobalSection
	GlobalSection(ProjectConfigurationPlatforms) = postSolution
		{772035AD-E4F3-4C58-AC7F-57DD6DFF994E}.Debug|Any CPU.ActiveCfg = Debug|Any CPU
		{772035AD-E4F3-4C58-AC7F-57DD6DFF994E}.Debug|Any CPU.Build.0 = Debug|Any CPU
		{772035AD-E4F3-4C58-AC7F-57DD6DFF994E}.Debug|x64.ActiveCfg = Debug|Any CPU
		{772035AD-E4F3-4C58-AC7F-57DD6DFF994E}.Debug|x64.Build.0 = Debug|Any CPU
		{772035AD-E4F3-4C58-AC7F-57DD6DFF994E}.Debug|x86.ActiveCfg = Debug|Any CPU
		{772035AD-E4F3-4C58-AC7F-57DD6DFF994E}.Debug|x86.Build.0 = Debug|Any CPU
		{772035AD-E4F3-4C58-AC7F-57DD6DFF994E}.Release|Any CPU.ActiveCfg = Release|Any CPU
		{772035AD-E4F3-4C58-AC7F-57DD6DFF994E}.Release|Any CPU.Build.0 = Release|Any CPU
		{772035AD-E4F3-4C58-AC7F-57DD6DFF994E}.Release|x64.ActiveCfg = Release|Any CPU
		{772035AD-E4F3-4C58-AC7F-57DD6DFF994E}.Release|x64.Build.0 = Release|Any CPU
		{772035AD-E4F3-4C58-AC7F-57DD6DFF994E}.Release|x86.ActiveCfg = Release|Any CPU
		{772035AD-E4F3-4C58-AC7F-57DD6DFF994E}.Release|x86.Build.0 = Release|Any CPU
		{9ABB64C4-FAD0-468F-87CB-CB22D27982D8}.Debug|Any CPU.ActiveCfg = Debug|Any CPU
		{9ABB64C4-FAD0-468F-87CB-CB22D27982D8}.Debug|Any CPU.Build.0 = Debug|Any CPU
		{9ABB64C4-FAD0-468F-87CB-CB22D27982D8}.Debug|x64.ActiveCfg = Debug|Any CPU
		{9ABB64C4-FAD0-468F-87CB-CB22D27982D8}.Debug|x64.Build.0 = Debug|Any CPU
		{9ABB64C4-FAD0-468F-87CB-CB22D27982D8}.Debug|x86.ActiveCfg = Debug|Any CPU
		{9ABB64C4-FAD0-468F-87CB-CB22D27982D8}.Debug|x86.Build.0 = Debug|Any CPU
		{9ABB64C4-FAD0-468F-87CB-CB22D27982D8}.Release|Any CPU.ActiveCfg = Release|Any CPU
		{9ABB64C4-FAD0-468F-87CB-CB22D27982D8}.Release|Any CPU.Build.0 = Release|Any CPU
		{9ABB64C4-FAD0-468F-87CB-CB22D27982D8}.Release|x64.ActiveCfg = Release|Any CPU
		{9ABB64C4-FAD0-468F-87CB-CB22D27982D8}.Release|x64.Build.0 = Release|Any CPU
		{9ABB64C4-FAD0-468F-87CB-CB22D27982D8}.Release|x86.ActiveCfg = Release|Any CPU
		{9ABB64C4-FAD0-468F-87CB-CB22D27982D8}.Release|x86.Build.0 = Release|Any CPU
	EndGlobalSection
	GlobalSection(NestedProjects) = preSolution
		{9ABB64C4-FAD0-468F-87CB-CB22D27982D8} = {2991BA94-6008-4DA5-BA9F-72AF0DBB21BE}
	EndGlobalSection
EndGlobal
